// !$*UTF8*$!
{
	archiveVersion = 1;
	classes = {
	};
	objectVersion = 48;
	objects = {

/* Begin PBXBuildFile section */
		2AE305201FA3C4F5004F7D5F /* pumpkins StickerPackExtension.appex in Embed App Extensions */ = {isa = PBXBuildFile; fileRef = 2AE3051F1FA3C4F5004F7D5F /* pumpkins StickerPackExtension.appex */; settings = {ATTRIBUTES = (RemoveHeadersOnCopy, ); }; };
		2AE305241FA3C4F5004F7D5F /* Stickers.xcstickers in Resources */ = {isa = PBXBuildFile; fileRef = 2AE305231FA3C4F5004F7D5F /* Stickers.xcstickers */; };
		2AE305251FA3C4F5004F7D5F /* Stickers.xcstickers in Resources */ = {isa = PBXBuildFile; fileRef = 2AE305231FA3C4F5004F7D5F /* Stickers.xcstickers */; };
/* End PBXBuildFile section */

/* Begin PBXContainerItemProxy section */
		2AE305211FA3C4F5004F7D5F /* PBXContainerItemProxy */ = {
			isa = PBXContainerItemProxy;
			containerPortal = 2AE305151FA3C4F5004F7D5F /* Project object */;
			proxyType = 1;
			remoteGlobalIDString = 2AE3051E1FA3C4F5004F7D5F;
			remoteInfo = "pumpkins StickerPackExtension";
		};
/* End PBXContainerItemProxy section */

/* Begin PBXCopyFilesBuildPhase section */
		2AE3052B1FA3C4F5004F7D5F /* Embed App Extensions */ = {
			isa = PBXCopyFilesBuildPhase;
			buildActionMask = 2147483647;
			dstPath = "";
			dstSubfolderSpec = 13;
			files = (
				2AE305201FA3C4F5004F7D5F /* pumpkins StickerPackExtension.appex in Embed App Extensions */,
			);
			name = "Embed App Extensions";
			runOnlyForDeploymentPostprocessing = 0;
		};
/* End PBXCopyFilesBuildPhase section */

/* Begin PBXFileReference section */
		2AE3051B1FA3C4F5004F7D5F /* pumpkins.app */ = {isa = PBXFileReference; explicitFileType = wrapper.application; includeInIndex = 0; path = pumpkins.app; sourceTree = BUILT_PRODUCTS_DIR; };
		2AE3051F1FA3C4F5004F7D5F /* pumpkins StickerPackExtension.appex */ = {isa = PBXFileReference; explicitFileType = "wrapper.app-extension"; includeInIndex = 0; path = "pumpkins StickerPackExtension.appex"; sourceTree = BUILT_PRODUCTS_DIR; };
		2AE305231FA3C4F5004F7D5F /* Stickers.xcstickers */ = {isa = PBXFileReference; lastKnownFileType = folder.stickers; name = Stickers.xcstickers; path = "pumpkins StickerPackExtension/Stickers.xcstickers"; sourceTree = "<group>"; };
/* End PBXFileReference section */

/* Begin PBXGroup section */
		2AE305141FA3C4F5004F7D5F = {
			isa = PBXGroup;
			children = (
				2AE305231FA3C4F5004F7D5F /* Stickers.xcstickers */,
				2AE3051C1FA3C4F5004F7D5F /* Products */,
			);
			sourceTree = "<group>";
		};
		2AE3051C1FA3C4F5004F7D5F /* Products */ = {
			isa = PBXGroup;
			children = (
				2AE3051B1FA3C4F5004F7D5F /* pumpkins.app */,
				2AE3051F1FA3C4F5004F7D5F /* pumpkins StickerPackExtension.appex */,
			);
			name = Products;
			sourceTree = "<group>";
		};
/* End PBXGroup section */

/* Begin PBXNativeTarget section */
		2AE3051A1FA3C4F5004F7D5F /* pumpkins */ = {
			isa = PBXNativeTarget;
			buildConfigurationList = 2AE3052C1FA3C4F5004F7D5F /* Build configuration list for PBXNativeTarget "pumpkins" */;
			buildPhases = (
				2AE305191FA3C4F5004F7D5F /* Resources */,
				2AE3052B1FA3C4F5004F7D5F /* Embed App Extensions */,
			);
			buildRules = (
			);
			dependencies = (
				2AE305221FA3C4F5004F7D5F /* PBXTargetDependency */,
			);
			name = pumpkins;
			productName = pumpkins;
			productReference = 2AE3051B1FA3C4F5004F7D5F /* pumpkins.app */;
			productType = "com.apple.product-type.application.messages";
		};
		2AE3051E1FA3C4F5004F7D5F /* pumpkins StickerPackExtension */ = {
			isa = PBXNativeTarget;
			buildConfigurationList = 2AE305281FA3C4F5004F7D5F /* Build configuration list for PBXNativeTarget "pumpkins StickerPackExtension" */;
			buildPhases = (
				2AE3051D1FA3C4F5004F7D5F /* Resources */,
			);
			buildRules = (
			);
			dependencies = (
			);
			name = "pumpkins StickerPackExtension";
			productName = "pumpkins StickerPackExtension";
			productReference = 2AE3051F1FA3C4F5004F7D5F /* pumpkins StickerPackExtension.appex */;
			productType = "com.apple.product-type.app-extension.messages-sticker-pack";
		};
/* End PBXNativeTarget section */

/* Begin PBXProject section */
		2AE305151FA3C4F5004F7D5F /* Project object */ = {
			isa = PBXProject;
			attributes = {
				LastUpgradeCheck = 0900;
				ORGANIZATIONNAME = "Alexander Iashchuk";
				TargetAttributes = {
					2AE3051A1FA3C4F5004F7D5F = {
						CreatedOnToolsVersion = 9.0.1;
						ProvisioningStyle = Automatic;
					};
					2AE3051E1FA3C4F5004F7D5F = {
						CreatedOnToolsVersion = 9.0.1;
						ProvisioningStyle = Automatic;
					};
				};
			};
			buildConfigurationList = 2AE305181FA3C4F5004F7D5F /* Build configuration list for PBXProject "pumpkins" */;
			compatibilityVersion = "Xcode 8.0";
			developmentRegion = en;
			hasScannedForEncodings = 0;
			knownRegions = (
				en,
			);
			mainGroup = 2AE305141FA3C4F5004F7D5F;
			productRefGroup = 2AE3051C1FA3C4F5004F7D5F /* Products */;
			projectDirPath = "";
			projectRoot = "";
			targets = (
				2AE3051A1FA3C4F5004F7D5F /* pumpkins */,
				2AE3051E1FA3C4F5004F7D5F /* pumpkins StickerPackExtension */,
			);
		};
/* End PBXProject section */

/* Begin PBXResourcesBuildPhase section */
		2AE305191FA3C4F5004F7D5F /* Resources */ = {
			isa = PBXResourcesBuildPhase;
			buildActionMask = 2147483647;
			files = (
				2AE305251FA3C4F5004F7D5F /* Stickers.xcstickers in Resources */,
			);
			runOnlyForDeploymentPostprocessing = 0;
		};
		2AE3051D1FA3C4F5004F7D5F /* Resources */ = {
			isa = PBXResourcesBuildPhase;
			buildActionMask = 2147483647;
			files = (
				2AE305241FA3C4F5004F7D5F /* Stickers.xcstickers in Resources */,
			);
			runOnlyForDeploymentPostprocessing = 0;
		};
/* End PBXResourcesBuildPhase section */

/* Begin PBXTargetDependency section */
		2AE305221FA3C4F5004F7D5F /* PBXTargetDependency */ = {
			isa = PBXTargetDependency;
			target = 2AE3051E1FA3C4F5004F7D5F /* pumpkins StickerPackExtension */;
			targetProxy = 2AE305211FA3C4F5004F7D5F /* PBXContainerItemProxy */;
		};
/* End PBXTargetDependency section */

/* Begin XCBuildConfiguration section */
		2AE305261FA3C4F5004F7D5F /* Debug */ = {
			isa = XCBuildConfiguration;
			buildSettings = {
				ALWAYS_SEARCH_USER_PATHS = NO;
				CLANG_ANALYZER_NONNULL = YES;
				CLANG_ANALYZER_NUMBER_OBJECT_CONVERSION = YES_AGGRESSIVE;
				CLANG_CXX_LANGUAGE_STANDARD = "gnu++14";
				CLANG_CXX_LIBRARY = "libc++";
				CLANG_ENABLE_MODULES = YES;
				CLANG_ENABLE_OBJC_ARC = YES;
				CLANG_WARN_BLOCK_CAPTURE_AUTORELEASING = YES;
				CLANG_WARN_BOOL_CONVERSION = YES;
				CLANG_WARN_COMMA = YES;
				CLANG_WARN_CONSTANT_CONVERSION = YES;
				CLANG_WARN_DIRECT_OBJC_ISA_USAGE = YES_ERROR;
				CLANG_WARN_DOCUMENTATION_COMMENTS = YES;
				CLANG_WARN_EMPTY_BODY = YES;
				CLANG_WARN_ENUM_CONVERSION = YES;
				CLANG_WARN_INFINITE_RECURSION = YES;
				CLANG_WARN_INT_CONVERSION = YES;
				CLANG_WARN_NON_LITERAL_NULL_CONVERSION = YES;
				CLANG_WARN_OBJC_LITERAL_CONVERSION = YES;
				CLANG_WARN_OBJC_ROOT_CLASS = YES_ERROR;
				CLANG_WARN_RANGE_LOOP_ANALYSIS = YES;
				CLANG_WARN_STRICT_PROTOTYPES = YES;
				CLANG_WARN_SUSPICIOUS_MOVE = YES;
				CLANG_WARN_UNGUARDED_AVAILABILITY = YES_AGGRESSIVE;
				CLANG_WARN_UNREACHABLE_CODE = YES;
				CLANG_WARN__DUPLICATE_METHOD_MATCH = YES;
				CODE_SIGN_IDENTITY = "iPhone Developer";
				COPY_PHASE_STRIP = NO;
				DEBUG_INFORMATION_FORMAT = dwarf;
				ENABLE_STRICT_OBJC_MSGSEND = YES;
				ENABLE_TESTABILITY = YES;
				GCC_C_LANGUAGE_STANDARD = gnu11;
				GCC_DYNAMIC_NO_PIC = NO;
				GCC_NO_COMMON_BLOCKS = YES;
				GCC_OPTIMIZATION_LEVEL = 0;
				GCC_PREPROCESSOR_DEFINITIONS = (
					"DEBUG=1",
					"$(inherited)",
				);
				GCC_WARN_64_TO_32_BIT_CONVERSION = YES;
				GCC_WARN_ABOUT_RETURN_TYPE = YES_ERROR;
				GCC_WARN_UNDECLARED_SELECTOR = YES;
				GCC_WARN_UNINITIALIZED_AUTOS = YES_AGGRESSIVE;
				GCC_WARN_UNUSED_FUNCTION = YES;
				GCC_WARN_UNUSED_VARIABLE = YES;
				IPHONEOS_DEPLOYMENT_TARGET = 11.0;
				MTL_ENABLE_DEBUG_INFO = YES;
				ONLY_ACTIVE_ARCH = YES;
				SDKROOT = iphoneos;
			};
			name = Debug;
		};
		2AE305271FA3C4F5004F7D5F /* Release */ = {
			isa = XCBuildConfiguration;
			buildSettings = {
				ALWAYS_SEARCH_USER_PATHS = NO;
				CLANG_ANALYZER_NONNULL = YES;
				CLANG_ANALYZER_NUMBER_OBJECT_CONVERSION = YES_AGGRESSIVE;
				CLANG_CXX_LANGUAGE_STANDARD = "gnu++14";
				CLANG_CXX_LIBRARY = "libc++";
				CLANG_ENABLE_MODULES = YES;
				CLANG_ENABLE_OBJC_ARC = YES;
				CLANG_WARN_BLOCK_CAPTURE_AUTORELEASING = YES;
				CLANG_WARN_BOOL_CONVERSION = YES;
				CLANG_WARN_COMMA = YES;
				CLANG_WARN_CONSTANT_CONVERSION = YES;
				CLANG_WARN_DIRECT_OBJC_ISA_USAGE = YES_ERROR;
				CLANG_WARN_DOCUMENTATION_COMMENTS = YES;
				CLANG_WARN_EMPTY_BODY = YES;
				CLANG_WARN_ENUM_CONVERSION = YES;
				CLANG_WARN_INFINITE_RECURSION = YES;
				CLANG_WARN_INT_CONVERSION = YES;
				CLANG_WARN_NON_LITERAL_NULL_CONVERSION = YES;
				CLANG_WARN_OBJC_LITERAL_CONVERSION = YES;
				CLANG_WARN_OBJC_ROOT_CLASS = YES_ERROR;
				CLANG_WARN_RANGE_LOOP_ANALYSIS = YES;
				CLANG_WARN_STRICT_PROTOTYPES = YES;
				CLANG_WARN_SUSPICIOUS_MOVE = YES;
				CLANG_WARN_UNGUARDED_AVAILABILITY = YES_AGGRESSIVE;
				CLANG_WARN_UNREACHABLE_CODE = YES;
				CLANG_WARN__DUPLICATE_METHOD_MATCH = YES;
				CODE_SIGN_IDENTITY = "iPhone Developer";
				COPY_PHASE_STRIP = NO;
				DEBUG_INFORMATION_FORMAT = "dwarf-with-dsym";
				ENABLE_NS_ASSERTIONS = NO;
				ENABLE_STRICT_OBJC_MSGSEND = YES;
				GCC_C_LANGUAGE_STANDARD = gnu11;
				GCC_NO_COMMON_BLOCKS = YES;
				GCC_WARN_64_TO_32_BIT_CONVERSION = YES;
				GCC_WARN_ABOUT_RETURN_TYPE = YES_ERROR;
				GCC_WARN_UNDECLARED_SELECTOR = YES;
				GCC_WARN_UNINITIALIZED_AUTOS = YES_AGGRESSIVE;
				GCC_WARN_UNUSED_FUNCTION = YES;
				GCC_WARN_UNUSED_VARIABLE = YES;
				IPHONEOS_DEPLOYMENT_TARGET = 11.0;
				MTL_ENABLE_DEBUG_INFO = NO;
				SDKROOT = iphoneos;
				VALIDATE_PRODUCT = YES;
			};
			name = Release;
		};
		2AE305291FA3C4F5004F7D5F /* Debug */ = {
			isa = XCBuildConfiguration;
			buildSettings = {
				ASSETCATALOG_COMPILER_APPICON_NAME = "iMessage App Icon";
				CODE_SIGN_STYLE = Automatic;
				DEVELOPMENT_TEAM = 3NL9BUS2QV;
				INFOPLIST_FILE = "pumpkins StickerPackExtension/Info.plist";
				PRODUCT_BUNDLE_IDENTIFIER = com.iashchuk.pumpkins.StickerPackExtension;
				PRODUCT_NAME = "$(TARGET_NAME)";
				SKIP_INSTALL = YES;
				TARGETED_DEVICE_FAMILY = "1,2";
			};
			name = Debug;
		};
		2AE3052A1FA3C4F5004F7D5F /* Release */ = {
			isa = XCBuildConfiguration;
			buildSettings = {
				ASSETCATALOG_COMPILER_APPICON_NAME = "iMessage App Icon";
				CODE_SIGN_STYLE = Automatic;
				DEVELOPMENT_TEAM = 3NL9BUS2QV;
				INFOPLIST_FILE = "pumpkins StickerPackExtension/Info.plist";
				PRODUCT_BUNDLE_IDENTIFIER = com.iashchuk.pumpkins.StickerPackExtension;
				PRODUCT_NAME = "$(TARGET_NAME)";
				SKIP_INSTALL = YES;
				TARGETED_DEVICE_FAMILY = "1,2";
			};
			name = Release;
		};
		2AE3052D1FA3C4F5004F7D5F /* Debug */ = {
			isa = XCBuildConfiguration;
			buildSettings = {
				ASSETCATALOG_COMPILER_APPICON_NAME = "iMessage App Icon";
				CODE_SIGN_STYLE = Automatic;
				DEVELOPMENT_TEAM = 3NL9BUS2QV;
				INFOPLIST_FILE = pumpkins/Info.plist;
				PRODUCT_BUNDLE_IDENTIFIER = com.iashchuk.pumpkins;
				PRODUCT_NAME = "$(TARGET_NAME)";
				TARGETED_DEVICE_FAMILY = "1,2";
			};
			name = Debug;
		};
		2AE3052E1FA3C4F5004F7D5F /* Release */ = {
			isa = XCBuildConfiguration;
			buildSettings = {
				ASSETCATALOG_COMPILER_APPICON_NAME = "iMessage App Icon";
				CODE_SIGN_STYLE = Automatic;
				DEVELOPMENT_TEAM = 3NL9BUS2QV;
				INFOPLIST_FILE = pumpkins/Info.plist;
				PRODUCT_BUNDLE_IDENTIFIER = com.iashchuk.pumpkins;
				PRODUCT_NAME = "$(TARGET_NAME)";
				TARGETED_DEVICE_FAMILY = "1,2";
			};
			name = Release;
		};
/* End XCBuildConfiguration section */

/* Begin XCConfigurationList section */
		2AE305181FA3C4F5004F7D5F /* Build configuration list for PBXProject "pumpkins" */ = {
			isa = XCConfigurationList;
			buildConfigurations = (
				2AE305261FA3C4F5004F7D5F /* Debug */,
				2AE305271FA3C4F5004F7D5F /* Release */,
			);
			defaultConfigurationIsVisible = 0;
			defaultConfigurationName = Release;
		};
		2AE305281FA3C4F5004F7D5F /* Build configuration list for PBXNativeTarget "pumpkins StickerPackExtension" */ = {
			isa = XCConfigurationList;
			buildConfigurations = (
				2AE305291FA3C4F5004F7D5F /* Debug */,
				2AE3052A1FA3C4F5004F7D5F /* Release */,
			);
			defaultConfigurationIsVisible = 0;
			defaultConfigurationName = Release;
		};
		2AE3052C1FA3C4F5004F7D5F /* Build configuration list for PBXNativeTarget "pumpkins" */ = {
			isa = XCConfigurationList;
			buildConfigurations = (
				2AE3052D1FA3C4F5004F7D5F /* Debug */,
				2AE3052E1FA3C4F5004F7D5F /* Release */,
			);
			defaultConfigurationIsVisible = 0;
			defaultConfigurationName = Release;
		};
/* End XCConfigurationList section */
	};
	rootObject = 2AE305151FA3C4F5004F7D5F /* Project object */;
}
